
Microsoft Visual Studio Solution File, Format Version 12.00
# Visual Studio 2012
Project("{FAE04EC0-301F-11D3-BF4B-00C04F79EFBC}") = "RSA", "RSA\RSA.csproj", "{71E166DB-2A07-4487-A6DC-22B6E8541A51}"
EndProject
Global
	GlobalSection(SolutionConfigurationPlatforms) = preSolution
		Debug|Any CPU = Debug|Any CPU
		Release|Any CPU = Release|Any CPU
	EndGlobalSection
	GlobalSection(ProjectConfigurationPlatforms) = postSolution
		{71E166DB-2A07-4487-A6DC-22B6E8541A51}.Debug|Any CPU.ActiveCfg = Debug|Any CPU
		{71E166DB-2A07-4487-A6DC-22B6E8541A51}.Debug|Any CPU.Build.0 = Debug|Any CPU
		{71E166DB-2A07-4487-A6DC-22B6E8541A51}.Release|Any CPU.ActiveCfg = Release|Any CPU
		{71E166DB-2A07-4487-A6DC-22B6E8541A51}.Release|Any CPU.Build.0 = Release|Any CPU
	EndGlobalSection
	GlobalSection(SolutionProperties) = preSolution
		HideSolutionNode = FALSE
	EndGlobalSection
EndGlobal
